// !$*UTF8*$!
{
	archiveVersion = 1;
	classes = {
	};
	objectVersion = 46;
	objects = {

/* Begin PBXBuildFile section */
		6227FB141AADFAA9007F49EA /* XColor.swift in Sources */ = {isa = PBXBuildFile; fileRef = 6227FB131AADFAA9007F49EA /* XColor.swift */; };
		6227FB161AADFC36007F49EA /* XPhoton.swift in Sources */ = {isa = PBXBuildFile; fileRef = 6227FB151AADFC36007F49EA /* XPhoton.swift */; };
		6227FB181AADFC5B007F49EA /* XNode.swift in Sources */ = {isa = PBXBuildFile; fileRef = 6227FB171AADFC5B007F49EA /* XNode.swift */; };
		6227FB1A1AAE0294007F49EA /* XMedium.swift in Sources */ = {isa = PBXBuildFile; fileRef = 6227FB191AAE0294007F49EA /* XMedium.swift */; };
		6227FB1C1AAE0698007F49EA /* XConstant.swift in Sources */ = {isa = PBXBuildFile; fileRef = 6227FB1B1AAE0698007F49EA /* XConstant.swift */; };
		62D426911AADE699000DBD45 /* AppDelegate.swift in Sources */ = {isa = PBXBuildFile; fileRef = 62D426901AADE699000DBD45 /* AppDelegate.swift */; };
		62D426931AADE699000DBD45 /* GameScene.sks in Resources */ = {isa = PBXBuildFile; fileRef = 62D426921AADE699000DBD45 /* GameScene.sks */; };
		62D426951AADE699000DBD45 /* GameScene.swift in Sources */ = {isa = PBXBuildFile; fileRef = 62D426941AADE699000DBD45 /* GameScene.swift */; };
		62D426971AADE699000DBD45 /* GameViewController.swift in Sources */ = {isa = PBXBuildFile; fileRef = 62D426961AADE699000DBD45 /* GameViewController.swift */; };
		62D4269A1AADE699000DBD45 /* Main.storyboard in Resources */ = {isa = PBXBuildFile; fileRef = 62D426981AADE699000DBD45 /* Main.storyboard */; };
		62D4269C1AADE699000DBD45 /* Images.xcassets in Resources */ = {isa = PBXBuildFile; fileRef = 62D4269B1AADE699000DBD45 /* Images.xcassets */; };
		62D4269F1AADE699000DBD45 /* LaunchScreen.xib in Resources */ = {isa = PBXBuildFile; fileRef = 62D4269D1AADE699000DBD45 /* LaunchScreen.xib */; };
		98F242BA1AAE026D00A5D4F3 /* XColorTest.swift in Sources */ = {isa = PBXBuildFile; fileRef = 98F242B91AAE026D00A5D4F3 /* XColorTest.swift */; };
		98F242BB1AAE03FC00A5D4F3 /* XColor.swift in Sources */ = {isa = PBXBuildFile; fileRef = 6227FB131AADFAA9007F49EA /* XColor.swift */; };
/* End PBXBuildFile section */

/* Begin PBXContainerItemProxy section */
		62D426A51AADE699000DBD45 /* PBXContainerItemProxy */ = {
			isa = PBXContainerItemProxy;
			containerPortal = 62D426831AADE699000DBD45 /* Project object */;
			proxyType = 1;
			remoteGlobalIDString = 62D4268A1AADE699000DBD45;
			remoteInfo = Echx;
		};
/* End PBXContainerItemProxy section */

/* Begin PBXFileReference section */
		6227FB131AADFAA9007F49EA /* XColor.swift */ = {isa = PBXFileReference; fileEncoding = 4; lastKnownFileType = sourcecode.swift; path = XColor.swift; sourceTree = "<group>"; };
		6227FB151AADFC36007F49EA /* XPhoton.swift */ = {isa = PBXFileReference; fileEncoding = 4; lastKnownFileType = sourcecode.swift; path = XPhoton.swift; sourceTree = "<group>"; };
		6227FB171AADFC5B007F49EA /* XNode.swift */ = {isa = PBXFileReference; fileEncoding = 4; lastKnownFileType = sourcecode.swift; path = XNode.swift; sourceTree = "<group>"; };
		6227FB191AAE0294007F49EA /* XMedium.swift */ = {isa = PBXFileReference; fileEncoding = 4; lastKnownFileType = sourcecode.swift; path = XMedium.swift; sourceTree = "<group>"; };
		6227FB1B1AAE0698007F49EA /* XConstant.swift */ = {isa = PBXFileReference; fileEncoding = 4; lastKnownFileType = sourcecode.swift; path = XConstant.swift; sourceTree = "<group>"; };
		62D4268B1AADE699000DBD45 /* Echx.app */ = {isa = PBXFileReference; explicitFileType = wrapper.application; includeInIndex = 0; path = Echx.app; sourceTree = BUILT_PRODUCTS_DIR; };
		62D4268F1AADE699000DBD45 /* Info.plist */ = {isa = PBXFileReference; lastKnownFileType = text.plist.xml; path = Info.plist; sourceTree = "<group>"; };
		62D426901AADE699000DBD45 /* AppDelegate.swift */ = {isa = PBXFileReference; lastKnownFileType = sourcecode.swift; path = AppDelegate.swift; sourceTree = "<group>"; };
		62D426921AADE699000DBD45 /* GameScene.sks */ = {isa = PBXFileReference; lastKnownFileType = file.sks; path = GameScene.sks; sourceTree = "<group>"; };
		62D426941AADE699000DBD45 /* GameScene.swift */ = {isa = PBXFileReference; lastKnownFileType = sourcecode.swift; path = GameScene.swift; sourceTree = "<group>"; };
		62D426961AADE699000DBD45 /* GameViewController.swift */ = {isa = PBXFileReference; lastKnownFileType = sourcecode.swift; path = GameViewController.swift; sourceTree = "<group>"; };
		62D426991AADE699000DBD45 /* Base */ = {isa = PBXFileReference; lastKnownFileType = file.storyboard; name = Base; path = Base.lproj/Main.storyboard; sourceTree = "<group>"; };
		62D4269B1AADE699000DBD45 /* Images.xcassets */ = {isa = PBXFileReference; lastKnownFileType = folder.assetcatalog; path = Images.xcassets; sourceTree = "<group>"; };
		62D4269E1AADE699000DBD45 /* Base */ = {isa = PBXFileReference; lastKnownFileType = file.xib; name = Base; path = Base.lproj/LaunchScreen.xib; sourceTree = "<group>"; };
		62D426A41AADE699000DBD45 /* EchxTests.xctest */ = {isa = PBXFileReference; explicitFileType = wrapper.cfbundle; includeInIndex = 0; path = EchxTests.xctest; sourceTree = BUILT_PRODUCTS_DIR; };
		62D426A91AADE699000DBD45 /* Info.plist */ = {isa = PBXFileReference; lastKnownFileType = text.plist.xml; path = Info.plist; sourceTree = "<group>"; };
		98F242B91AAE026D00A5D4F3 /* XColorTest.swift */ = {isa = PBXFileReference; fileEncoding = 4; lastKnownFileType = sourcecode.swift; name = XColorTest.swift; path = Model/XColorTest.swift; sourceTree = "<group>"; };
/* End PBXFileReference section */

/* Begin PBXFrameworksBuildPhase section */
		62D426881AADE699000DBD45 /* Frameworks */ = {
			isa = PBXFrameworksBuildPhase;
			buildActionMask = 2147483647;
			files = (
			);
			runOnlyForDeploymentPostprocessing = 0;
		};
		62D426A11AADE699000DBD45 /* Frameworks */ = {
			isa = PBXFrameworksBuildPhase;
			buildActionMask = 2147483647;
			files = (
			);
			runOnlyForDeploymentPostprocessing = 0;
		};
/* End PBXFrameworksBuildPhase section */

/* Begin PBXGroup section */
		6227FB101AADFA3B007F49EA /* Sprites */ = {
			isa = PBXGroup;
			children = (
				6227FB151AADFC36007F49EA /* XPhoton.swift */,
				6227FB171AADFC5B007F49EA /* XNode.swift */,
			);
			name = Sprites;
			sourceTree = "<group>";
		};
		6227FB111AADFA45007F49EA /* Models */ = {
			isa = PBXGroup;
			children = (
				6227FB121AADFA54007F49EA /* Utilities */,
				6227FB101AADFA3B007F49EA /* Sprites */,
			);
			name = Models;
			sourceTree = "<group>";
		};
		6227FB121AADFA54007F49EA /* Utilities */ = {
			isa = PBXGroup;
			children = (
				6227FB131AADFAA9007F49EA /* XColor.swift */,
				6227FB191AAE0294007F49EA /* XMedium.swift */,
				6227FB1B1AAE0698007F49EA /* XConstant.swift */,
			);
			name = Utilities;
			sourceTree = "<group>";
		};
		62D426821AADE699000DBD45 = {
			isa = PBXGroup;
			children = (
				62D4268D1AADE699000DBD45 /* Echx */,
				62D426A71AADE699000DBD45 /* EchxTests */,
				62D4268C1AADE699000DBD45 /* Products */,
			);
			sourceTree = "<group>";
		};
		62D4268C1AADE699000DBD45 /* Products */ = {
			isa = PBXGroup;
			children = (
				62D4268B1AADE699000DBD45 /* Echx.app */,
				62D426A41AADE699000DBD45 /* EchxTests.xctest */,
			);
			name = Products;
			sourceTree = "<group>";
		};
		62D4268D1AADE699000DBD45 /* Echx */ = {
			isa = PBXGroup;
			children = (
				6227FB111AADFA45007F49EA /* Models */,
				62D426901AADE699000DBD45 /* AppDelegate.swift */,
				62D426921AADE699000DBD45 /* GameScene.sks */,
				62D426941AADE699000DBD45 /* GameScene.swift */,
				62D426961AADE699000DBD45 /* GameViewController.swift */,
				62D426981AADE699000DBD45 /* Main.storyboard */,
				62D4269B1AADE699000DBD45 /* Images.xcassets */,
				62D4269D1AADE699000DBD45 /* LaunchScreen.xib */,
				62D4268E1AADE699000DBD45 /* Supporting Files */,
			);
			path = Echx;
			sourceTree = "<group>";
		};
		62D4268E1AADE699000DBD45 /* Supporting Files */ = {
			isa = PBXGroup;
			children = (
				62D4268F1AADE699000DBD45 /* Info.plist */,
			);
			name = "Supporting Files";
			sourceTree = "<group>";
		};
		62D426A71AADE699000DBD45 /* EchxTests */ = {
			isa = PBXGroup;
			children = (
				98F242B81AAE024800A5D4F3 /* Models */,
				62D426A81AADE699000DBD45 /* Supporting Files */,
			);
			path = EchxTests;
			sourceTree = "<group>";
		};
		62D426A81AADE699000DBD45 /* Supporting Files */ = {
			isa = PBXGroup;
			children = (
				62D426A91AADE699000DBD45 /* Info.plist */,
			);
			name = "Supporting Files";
			sourceTree = "<group>";
		};
		98F242B81AAE024800A5D4F3 /* Models */ = {
			isa = PBXGroup;
			children = (
				98F242B91AAE026D00A5D4F3 /* XColorTest.swift */,
			);
			name = Models;
			sourceTree = "<group>";
		};
/* End PBXGroup section */

/* Begin PBXNativeTarget section */
		62D4268A1AADE699000DBD45 /* Echx */ = {
			isa = PBXNativeTarget;
			buildConfigurationList = 62D426AE1AADE699000DBD45 /* Build configuration list for PBXNativeTarget "Echx" */;
			buildPhases = (
				62D426871AADE699000DBD45 /* Sources */,
				62D426881AADE699000DBD45 /* Frameworks */,
				62D426891AADE699000DBD45 /* Resources */,
			);
			buildRules = (
			);
			dependencies = (
			);
			name = Echx;
			productName = Echx;
			productReference = 62D4268B1AADE699000DBD45 /* Echx.app */;
			productType = "com.apple.product-type.application";
		};
		62D426A31AADE699000DBD45 /* EchxTests */ = {
			isa = PBXNativeTarget;
			buildConfigurationList = 62D426B11AADE699000DBD45 /* Build configuration list for PBXNativeTarget "EchxTests" */;
			buildPhases = (
				62D426A01AADE699000DBD45 /* Sources */,
				62D426A11AADE699000DBD45 /* Frameworks */,
				62D426A21AADE699000DBD45 /* Resources */,
			);
			buildRules = (
			);
			dependencies = (
				62D426A61AADE699000DBD45 /* PBXTargetDependency */,
			);
			name = EchxTests;
			productName = EchxTests;
			productReference = 62D426A41AADE699000DBD45 /* EchxTests.xctest */;
			productType = "com.apple.product-type.bundle.unit-test";
		};
/* End PBXNativeTarget section */

/* Begin PBXProject section */
		62D426831AADE699000DBD45 /* Project object */ = {
			isa = PBXProject;
			attributes = {
				LastUpgradeCheck = 0610;
				ORGANIZATIONNAME = Echx;
				TargetAttributes = {
					62D4268A1AADE699000DBD45 = {
						CreatedOnToolsVersion = 6.1.1;
					};
					62D426A31AADE699000DBD45 = {
						CreatedOnToolsVersion = 6.1.1;
						TestTargetID = 62D4268A1AADE699000DBD45;
					};
				};
			};
			buildConfigurationList = 62D426861AADE699000DBD45 /* Build configuration list for PBXProject "Echx" */;
			compatibilityVersion = "Xcode 3.2";
			developmentRegion = English;
			hasScannedForEncodings = 0;
			knownRegions = (
				en,
				Base,
			);
			mainGroup = 62D426821AADE699000DBD45;
			productRefGroup = 62D4268C1AADE699000DBD45 /* Products */;
			projectDirPath = "";
			projectRoot = "";
			targets = (
				62D4268A1AADE699000DBD45 /* Echx */,
				62D426A31AADE699000DBD45 /* EchxTests */,
			);
		};
/* End PBXProject section */

/* Begin PBXResourcesBuildPhase section */
		62D426891AADE699000DBD45 /* Resources */ = {
			isa = PBXResourcesBuildPhase;
			buildActionMask = 2147483647;
			files = (
				62D4269F1AADE699000DBD45 /* LaunchScreen.xib in Resources */,
				62D4269C1AADE699000DBD45 /* Images.xcassets in Resources */,
				62D426931AADE699000DBD45 /* GameScene.sks in Resources */,
				62D4269A1AADE699000DBD45 /* Main.storyboard in Resources */,
			);
			runOnlyForDeploymentPostprocessing = 0;
		};
		62D426A21AADE699000DBD45 /* Resources */ = {
			isa = PBXResourcesBuildPhase;
			buildActionMask = 2147483647;
			files = (
			);
			runOnlyForDeploymentPostprocessing = 0;
		};
/* End PBXResourcesBuildPhase section */

/* Begin PBXSourcesBuildPhase section */
		62D426871AADE699000DBD45 /* Sources */ = {
			isa = PBXSourcesBuildPhase;
			buildActionMask = 2147483647;
			files = (
				62D426951AADE699000DBD45 /* GameScene.swift in Sources */,
				62D426971AADE699000DBD45 /* GameViewController.swift in Sources */,
				6227FB1A1AAE0294007F49EA /* XMedium.swift in Sources */,
				6227FB1C1AAE0698007F49EA /* XConstant.swift in Sources */,
				6227FB181AADFC5B007F49EA /* XNode.swift in Sources */,
				6227FB141AADFAA9007F49EA /* XColor.swift in Sources */,
				62D426911AADE699000DBD45 /* AppDelegate.swift in Sources */,
				6227FB161AADFC36007F49EA /* XPhoton.swift in Sources */,
			);
			runOnlyForDeploymentPostprocessing = 0;
		};
		62D426A01AADE699000DBD45 /* Sources */ = {
			isa = PBXSourcesBuildPhase;
			buildActionMask = 2147483647;
			files = (
				98F242BB1AAE03FC00A5D4F3 /* XColor.swift in Sources */,
				98F242BA1AAE026D00A5D4F3 /* XColorTest.swift in Sources */,
			);
			runOnlyForDeploymentPostprocessing = 0;
		};
/* End PBXSourcesBuildPhase section */

/* Begin PBXTargetDependency section */
		62D426A61AADE699000DBD45 /* PBXTargetDependency */ = {
			isa = PBXTargetDependency;
			target = 62D4268A1AADE699000DBD45 /* Echx */;
			targetProxy = 62D426A51AADE699000DBD45 /* PBXContainerItemProxy */;
		};
/* End PBXTargetDependency section */

/* Begin PBXVariantGroup section */
		62D426981AADE699000DBD45 /* Main.storyboard */ = {
			isa = PBXVariantGroup;
			children = (
				62D426991AADE699000DBD45 /* Base */,
			);
			name = Main.storyboard;
			sourceTree = "<group>";
		};
		62D4269D1AADE699000DBD45 /* LaunchScreen.xib */ = {
			isa = PBXVariantGroup;
			children = (
				62D4269E1AADE699000DBD45 /* Base */,
			);
			name = LaunchScreen.xib;
			sourceTree = "<group>";
		};
/* End PBXVariantGroup section */

/* Begin XCBuildConfiguration section */
		62D426AC1AADE699000DBD45 /* Debug */ = {
			isa = XCBuildConfiguration;
			buildSettings = {
				ALWAYS_SEARCH_USER_PATHS = NO;
				CLANG_CXX_LANGUAGE_STANDARD = "gnu++0x";
				CLANG_CXX_LIBRARY = "libc++";
				CLANG_ENABLE_MODULES = YES;
				CLANG_ENABLE_OBJC_ARC = YES;
				CLANG_WARN_BOOL_CONVERSION = YES;
				CLANG_WARN_CONSTANT_CONVERSION = YES;
				CLANG_WARN_DIRECT_OBJC_ISA_USAGE = YES_ERROR;
				CLANG_WARN_EMPTY_BODY = YES;
				CLANG_WARN_ENUM_CONVERSION = YES;
				CLANG_WARN_INT_CONVERSION = YES;
				CLANG_WARN_OBJC_ROOT_CLASS = YES_ERROR;
				CLANG_WARN_UNREACHABLE_CODE = YES;
				CLANG_WARN__DUPLICATE_METHOD_MATCH = YES;
				"CODE_SIGN_IDENTITY[sdk=iphoneos*]" = "iPhone Developer";
				COPY_PHASE_STRIP = NO;
				ENABLE_STRICT_OBJC_MSGSEND = YES;
				GCC_C_LANGUAGE_STANDARD = gnu99;
				GCC_DYNAMIC_NO_PIC = NO;
				GCC_OPTIMIZATION_LEVEL = 0;
				GCC_PREPROCESSOR_DEFINITIONS = (
					"DEBUG=1",
					"$(inherited)",
				);
				GCC_SYMBOLS_PRIVATE_EXTERN = NO;
				GCC_WARN_64_TO_32_BIT_CONVERSION = YES;
				GCC_WARN_ABOUT_RETURN_TYPE = YES_ERROR;
				GCC_WARN_UNDECLARED_SELECTOR = YES;
				GCC_WARN_UNINITIALIZED_AUTOS = YES_AGGRESSIVE;
				GCC_WARN_UNUSED_FUNCTION = YES;
				GCC_WARN_UNUSED_VARIABLE = YES;
				IPHONEOS_DEPLOYMENT_TARGET = 8.1;
				MTL_ENABLE_DEBUG_INFO = YES;
				ONLY_ACTIVE_ARCH = YES;
				SDKROOT = iphoneos;
				SWIFT_OPTIMIZATION_LEVEL = "-Onone";
				TARGETED_DEVICE_FAMILY = 2;
			};
			name = Debug;
		};
		62D426AD1AADE699000DBD45 /* Release */ = {
			isa = XCBuildConfiguration;
			buildSettings = {
				ALWAYS_SEARCH_USER_PATHS = NO;
				CLANG_CXX_LANGUAGE_STANDARD = "gnu++0x";
				CLANG_CXX_LIBRARY = "libc++";
				CLANG_ENABLE_MODULES = YES;
				CLANG_ENABLE_OBJC_ARC = YES;
				CLANG_WARN_BOOL_CONVERSION = YES;
				CLANG_WARN_CONSTANT_CONVERSION = YES;
				CLANG_WARN_DIRECT_OBJC_ISA_USAGE = YES_ERROR;
				CLANG_WARN_EMPTY_BODY = YES;
				CLANG_WARN_ENUM_CONVERSION = YES;
				CLANG_WARN_INT_CONVERSION = YES;
				CLANG_WARN_OBJC_ROOT_CLASS = YES_ERROR;
				CLANG_WARN_UNREACHABLE_CODE = YES;
				CLANG_WARN__DUPLICATE_METHOD_MATCH = YES;
				"CODE_SIGN_IDENTITY[sdk=iphoneos*]" = "iPhone Developer";
				COPY_PHASE_STRIP = YES;
				ENABLE_NS_ASSERTIONS = NO;
				ENABLE_STRICT_OBJC_MSGSEND = YES;
				GCC_C_LANGUAGE_STANDARD = gnu99;
				GCC_WARN_64_TO_32_BIT_CONVERSION = YES;
				GCC_WARN_ABOUT_RETURN_TYPE = YES_ERROR;
				GCC_WARN_UNDECLARED_SELECTOR = YES;
				GCC_WARN_UNINITIALIZED_AUTOS = YES_AGGRESSIVE;
				GCC_WARN_UNUSED_FUNCTION = YES;
				GCC_WARN_UNUSED_VARIABLE = YES;
				IPHONEOS_DEPLOYMENT_TARGET = 8.1;
				MTL_ENABLE_DEBUG_INFO = NO;
				SDKROOT = iphoneos;
				TARGETED_DEVICE_FAMILY = 2;
				VALIDATE_PRODUCT = YES;
			};
			name = Release;
		};
		62D426AF1AADE699000DBD45 /* Debug */ = {
			isa = XCBuildConfiguration;
			buildSettings = {
				ASSETCATALOG_COMPILER_APPICON_NAME = AppIcon;
				INFOPLIST_FILE = Echx/Info.plist;
				LD_RUNPATH_SEARCH_PATHS = "$(inherited) @executable_path/Frameworks";
				PRODUCT_NAME = "$(TARGET_NAME)";
			};
			name = Debug;
		};
		62D426B01AADE699000DBD45 /* Release */ = {
			isa = XCBuildConfiguration;
			buildSettings = {
				ASSETCATALOG_COMPILER_APPICON_NAME = AppIcon;
				INFOPLIST_FILE = Echx/Info.plist;
				LD_RUNPATH_SEARCH_PATHS = "$(inherited) @executable_path/Frameworks";
				PRODUCT_NAME = "$(TARGET_NAME)";
			};
			name = Release;
		};
		62D426B21AADE699000DBD45 /* Debug */ = {
			isa = XCBuildConfiguration;
			buildSettings = {
				BUNDLE_LOADER = "$(TEST_HOST)";
				FRAMEWORK_SEARCH_PATHS = (
					"$(SDKROOT)/Developer/Library/Frameworks",
					"$(inherited)",
				);
				GCC_PREPROCESSOR_DEFINITIONS = (
					"DEBUG=1",
					"$(inherited)",
				);
				INFOPLIST_FILE = EchxTests/Info.plist;
				LD_RUNPATH_SEARCH_PATHS = "$(inherited) @executable_path/Frameworks @loader_path/Frameworks";
				PRODUCT_NAME = "$(TARGET_NAME)";
				TEST_HOST = "$(BUILT_PRODUCTS_DIR)/Echx.app/Echx";
			};
			name = Debug;
		};
		62D426B31AADE699000DBD45 /* Release */ = {
			isa = XCBuildConfiguration;
			buildSettings = {
				BUNDLE_LOADER = "$(TEST_HOST)";
				FRAMEWORK_SEARCH_PATHS = (
					"$(SDKROOT)/Developer/Library/Frameworks",
					"$(inherited)",
				);
				INFOPLIST_FILE = EchxTests/Info.plist;
				LD_RUNPATH_SEARCH_PATHS = "$(inherited) @executable_path/Frameworks @loader_path/Frameworks";
				PRODUCT_NAME = "$(TARGET_NAME)";
				TEST_HOST = "$(BUILT_PRODUCTS_DIR)/Echx.app/Echx";
			};
			name = Release;
		};
/* End XCBuildConfiguration section */

/* Begin XCConfigurationList section */
		62D426861AADE699000DBD45 /* Build configuration list for PBXProject "Echx" */ = {
			isa = XCConfigurationList;
			buildConfigurations = (
				62D426AC1AADE699000DBD45 /* Debug */,
				62D426AD1AADE699000DBD45 /* Release */,
			);
			defaultConfigurationIsVisible = 0;
			defaultConfigurationName = Release;
		};
		62D426AE1AADE699000DBD45 /* Build configuration list for PBXNativeTarget "Echx" */ = {
			isa = XCConfigurationList;
			buildConfigurations = (
				62D426AF1AADE699000DBD45 /* Debug */,
				62D426B01AADE699000DBD45 /* Release */,
			);
			defaultConfigurationIsVisible = 0;
			defaultConfigurationName = Release;
		};
		62D426B11AADE699000DBD45 /* Build configuration list for PBXNativeTarget "EchxTests" */ = {
			isa = XCConfigurationList;
			buildConfigurations = (
				62D426B21AADE699000DBD45 /* Debug */,
				62D426B31AADE699000DBD45 /* Release */,
			);
			defaultConfigurationIsVisible = 0;
			defaultConfigurationName = Release;
		};
/* End XCConfigurationList section */
	};
	rootObject = 62D426831AADE699000DBD45 /* Project object */;
}
