// !$*UTF8*$!
{
	archiveVersion = 1;
	classes = {
	};
	objectVersion = 46;
	objects = {

/* Begin PBXBuildFile section */
		262BE1A61ABE9A9000ABE965 /* AGSpriteButton.m in Sources */ = {isa = PBXBuildFile; fileRef = 262BE1A51ABE9A9000ABE965 /* AGSpriteButton.m */; };
		2635804A1ABE9F4000F87563 /* AGSpriteButton.m in Sources */ = {isa = PBXBuildFile; fileRef = 262BE1A51ABE9A9000ABE965 /* AGSpriteButton.m */; };
		267EC2D41AB1DA01002FE745 /* CGVector+XUtility.swift in Sources */ = {isa = PBXBuildFile; fileRef = 267EC2D31AB1DA01002FE745 /* CGVector+XUtility.swift */; };
		620BD4461AB2E69800267C7B /* XNote.swift in Sources */ = {isa = PBXBuildFile; fileRef = 620BD4451AB2E69800267C7B /* XNote.swift */; };
		6227FB6E1AAE285C007F49EA /* AppDelegate.swift in Sources */ = {isa = PBXBuildFile; fileRef = 6227FB6D1AAE285C007F49EA /* AppDelegate.swift */; };
		6227FB771AAE285C007F49EA /* Main.storyboard in Resources */ = {isa = PBXBuildFile; fileRef = 6227FB751AAE285C007F49EA /* Main.storyboard */; };
		6227FB791AAE285C007F49EA /* Images.xcassets in Resources */ = {isa = PBXBuildFile; fileRef = 6227FB781AAE285C007F49EA /* Images.xcassets */; };
		6227FB7C1AAE285C007F49EA /* LaunchScreen.xib in Resources */ = {isa = PBXBuildFile; fileRef = 6227FB7A1AAE285C007F49EA /* LaunchScreen.xib */; };
		6227FB881AAE285C007F49EA /* PlanckTests.swift in Sources */ = {isa = PBXBuildFile; fileRef = 6227FB871AAE285C007F49EA /* PlanckTests.swift */; };
		6227FC0A1AAE28E7007F49EA /* GameViewController.swift in Sources */ = {isa = PBXBuildFile; fileRef = 6227FBF01AAE28E7007F49EA /* GameViewController.swift */; };
		6227FC0B1AAE28E7007F49EA /* XEmitter.swift in Sources */ = {isa = PBXBuildFile; fileRef = 6227FBF41AAE28E7007F49EA /* XEmitter.swift */; };
		6227FC0C1AAE28E7007F49EA /* XPhoton.swift in Sources */ = {isa = PBXBuildFile; fileRef = 6227FBF51AAE28E7007F49EA /* XPhoton.swift */; };
		6227FC0D1AAE28E7007F49EA /* XPlanck.swift in Sources */ = {isa = PBXBuildFile; fileRef = 6227FBF61AAE28E7007F49EA /* XPlanck.swift */; };
		6227FC0E1AAE28E7007F49EA /* XConcaveLens.swift in Sources */ = {isa = PBXBuildFile; fileRef = 6227FBF81AAE28E7007F49EA /* XConcaveLens.swift */; };
		6227FC0F1AAE28E7007F49EA /* XConcaveMirror.swift in Sources */ = {isa = PBXBuildFile; fileRef = 6227FBF91AAE28E7007F49EA /* XConcaveMirror.swift */; };
		6227FC101AAE28E7007F49EA /* XConvexLens.swift in Sources */ = {isa = PBXBuildFile; fileRef = 6227FBFA1AAE28E7007F49EA /* XConvexLens.swift */; };
		6227FC111AAE28E7007F49EA /* XConvexMirror.swift in Sources */ = {isa = PBXBuildFile; fileRef = 6227FBFB1AAE28E7007F49EA /* XConvexMirror.swift */; };
		6227FC121AAE28E7007F49EA /* XFlatLens.swift in Sources */ = {isa = PBXBuildFile; fileRef = 6227FBFC1AAE28E7007F49EA /* XFlatLens.swift */; };
		6227FC131AAE28E7007F49EA /* XFlatMirror.swift in Sources */ = {isa = PBXBuildFile; fileRef = 6227FBFD1AAE28E7007F49EA /* XFlatMirror.swift */; };
		6227FC141AAE28E7007F49EA /* XInstrument.swift in Sources */ = {isa = PBXBuildFile; fileRef = 6227FBFE1AAE28E7007F49EA /* XInstrument.swift */; };
		6227FC151AAE28E7007F49EA /* XLens.swift in Sources */ = {isa = PBXBuildFile; fileRef = 6227FBFF1AAE28E7007F49EA /* XLens.swift */; };
		6227FC161AAE28E7007F49EA /* XMirror.swift in Sources */ = {isa = PBXBuildFile; fileRef = 6227FC001AAE28E7007F49EA /* XMirror.swift */; };
		6227FC171AAE28E7007F49EA /* XWall.swift in Sources */ = {isa = PBXBuildFile; fileRef = 6227FC011AAE28E7007F49EA /* XWall.swift */; };
		6227FC181AAE28E7007F49EA /* XNode.swift in Sources */ = {isa = PBXBuildFile; fileRef = 6227FC021AAE28E7007F49EA /* XNode.swift */; };
		6227FC191AAE28E7007F49EA /* XColor.swift in Sources */ = {isa = PBXBuildFile; fileRef = 6227FC041AAE28E7007F49EA /* XColor.swift */; };
		6227FC1A1AAE28E7007F49EA /* XConstant.swift in Sources */ = {isa = PBXBuildFile; fileRef = 6227FC051AAE28E7007F49EA /* XConstant.swift */; };
		6227FC1B1AAE28E7007F49EA /* XMedium.swift in Sources */ = {isa = PBXBuildFile; fileRef = 6227FC061AAE28E7007F49EA /* XMedium.swift */; };
		6227FC1C1AAE28E7007F49EA /* GameScene.sks in Resources */ = {isa = PBXBuildFile; fileRef = 6227FC081AAE28E7007F49EA /* GameScene.sks */; };
		6227FC1D1AAE28E7007F49EA /* GameScene.swift in Sources */ = {isa = PBXBuildFile; fileRef = 6227FC091AAE28E7007F49EA /* GameScene.swift */; };
		6227FC201AAE291F007F49EA /* XColorTest.swift in Sources */ = {isa = PBXBuildFile; fileRef = 6227FC1F1AAE291F007F49EA /* XColorTest.swift */; };
		62988FD41AB2FA3400FD9AFF /* CGVector+XUtilityTest.swift in Sources */ = {isa = PBXBuildFile; fileRef = 62988FD31AB2FA3400FD9AFF /* CGVector+XUtilityTest.swift */; };
		62988FE71AB2FA8800FD9AFF /* XEmitter.swift in Sources */ = {isa = PBXBuildFile; fileRef = 6227FBF41AAE28E7007F49EA /* XEmitter.swift */; };
		62988FE81AB2FA8800FD9AFF /* XPhoton.swift in Sources */ = {isa = PBXBuildFile; fileRef = 6227FBF51AAE28E7007F49EA /* XPhoton.swift */; };
		62988FE91AB2FA8800FD9AFF /* XPlanck.swift in Sources */ = {isa = PBXBuildFile; fileRef = 6227FBF61AAE28E7007F49EA /* XPlanck.swift */; };
		62988FEA1AB2FA8800FD9AFF /* XLens.swift in Sources */ = {isa = PBXBuildFile; fileRef = 6227FBFF1AAE28E7007F49EA /* XLens.swift */; };
		62988FEB1AB2FA8800FD9AFF /* XFlatLens.swift in Sources */ = {isa = PBXBuildFile; fileRef = 6227FBFC1AAE28E7007F49EA /* XFlatLens.swift */; };
		62988FEC1AB2FA8800FD9AFF /* XConcaveLens.swift in Sources */ = {isa = PBXBuildFile; fileRef = 6227FBF81AAE28E7007F49EA /* XConcaveLens.swift */; };
		62988FED1AB2FA8800FD9AFF /* XConvexLens.swift in Sources */ = {isa = PBXBuildFile; fileRef = 6227FBFA1AAE28E7007F49EA /* XConvexLens.swift */; };
		62988FEE1AB2FA8800FD9AFF /* XMirror.swift in Sources */ = {isa = PBXBuildFile; fileRef = 6227FC001AAE28E7007F49EA /* XMirror.swift */; };
		62988FEF1AB2FA8800FD9AFF /* XConcaveMirror.swift in Sources */ = {isa = PBXBuildFile; fileRef = 6227FBF91AAE28E7007F49EA /* XConcaveMirror.swift */; };
		62988FF01AB2FA8800FD9AFF /* XConvexMirror.swift in Sources */ = {isa = PBXBuildFile; fileRef = 6227FBFB1AAE28E7007F49EA /* XConvexMirror.swift */; };
		62988FF11AB2FA8800FD9AFF /* XFlatMirror.swift in Sources */ = {isa = PBXBuildFile; fileRef = 6227FBFD1AAE28E7007F49EA /* XFlatMirror.swift */; };
		62988FF21AB2FA8800FD9AFF /* XInstrument.swift in Sources */ = {isa = PBXBuildFile; fileRef = 6227FBFE1AAE28E7007F49EA /* XInstrument.swift */; };
		62988FF31AB2FA8800FD9AFF /* XWall.swift in Sources */ = {isa = PBXBuildFile; fileRef = 6227FC011AAE28E7007F49EA /* XWall.swift */; };
		62988FF41AB2FA8800FD9AFF /* XNode.swift in Sources */ = {isa = PBXBuildFile; fileRef = 6227FC021AAE28E7007F49EA /* XNode.swift */; };
		62988FF51AB2FA8800FD9AFF /* CGVector+XUtility.swift in Sources */ = {isa = PBXBuildFile; fileRef = 267EC2D31AB1DA01002FE745 /* CGVector+XUtility.swift */; };
		62988FF61AB2FA8800FD9AFF /* XColor.swift in Sources */ = {isa = PBXBuildFile; fileRef = 6227FC041AAE28E7007F49EA /* XColor.swift */; };
		62988FF71AB2FA8800FD9AFF /* XConstant.swift in Sources */ = {isa = PBXBuildFile; fileRef = 6227FC051AAE28E7007F49EA /* XConstant.swift */; };
		62988FF81AB2FA8800FD9AFF /* XMedium.swift in Sources */ = {isa = PBXBuildFile; fileRef = 6227FC061AAE28E7007F49EA /* XMedium.swift */; };
		62988FF91AB2FA8800FD9AFF /* XNote.swift in Sources */ = {isa = PBXBuildFile; fileRef = 620BD4451AB2E69800267C7B /* XNote.swift */; };
		62BC35541AB3096400B0B6F7 /* XContactableNode.swift in Sources */ = {isa = PBXBuildFile; fileRef = 62CB1FC11AB3068D00DC8EB8 /* XContactableNode.swift */; };
		62BC35551AB3096900B0B6F7 /* GameScene.swift in Sources */ = {isa = PBXBuildFile; fileRef = 6227FC091AAE28E7007F49EA /* GameScene.swift */; };
		62CB1FC21AB3068D00DC8EB8 /* XContactableNode.swift in Sources */ = {isa = PBXBuildFile; fileRef = 62CB1FC11AB3068D00DC8EB8 /* XContactableNode.swift */; };
/* End PBXBuildFile section */

/* Begin PBXContainerItemProxy section */
		6227FB821AAE285C007F49EA /* PBXContainerItemProxy */ = {
			isa = PBXContainerItemProxy;
			containerPortal = 6227FB601AAE285C007F49EA /* Project object */;
			proxyType = 1;
			remoteGlobalIDString = 6227FB671AAE285C007F49EA;
			remoteInfo = Planck;
		};
/* End PBXContainerItemProxy section */

/* Begin PBXFileReference section */
		262BE19F1ABE9A5D00ABE965 /* Planck-Bridging-Header.h */ = {isa = PBXFileReference; lastKnownFileType = sourcecode.c.h; path = "Planck-Bridging-Header.h"; sourceTree = SOURCE_ROOT; };
		262BE1A41ABE9A9000ABE965 /* AGSpriteButton.h */ = {isa = PBXFileReference; fileEncoding = 4; lastKnownFileType = sourcecode.c.h; path = AGSpriteButton.h; sourceTree = "<group>"; };
		262BE1A51ABE9A9000ABE965 /* AGSpriteButton.m */ = {isa = PBXFileReference; fileEncoding = 4; lastKnownFileType = sourcecode.c.objc; path = AGSpriteButton.m; sourceTree = "<group>"; };
		267EC2D31AB1DA01002FE745 /* CGVector+XUtility.swift */ = {isa = PBXFileReference; fileEncoding = 4; lastKnownFileType = sourcecode.swift; path = "CGVector+XUtility.swift"; sourceTree = "<group>"; };
		620BD4451AB2E69800267C7B /* XNote.swift */ = {isa = PBXFileReference; fileEncoding = 4; lastKnownFileType = sourcecode.swift; path = XNote.swift; sourceTree = "<group>"; };
		6227FB681AAE285C007F49EA /* Planck.app */ = {isa = PBXFileReference; explicitFileType = wrapper.application; includeInIndex = 0; path = Planck.app; sourceTree = BUILT_PRODUCTS_DIR; };
		6227FB6C1AAE285C007F49EA /* Info.plist */ = {isa = PBXFileReference; lastKnownFileType = text.plist.xml; path = Info.plist; sourceTree = "<group>"; };
		6227FB6D1AAE285C007F49EA /* AppDelegate.swift */ = {isa = PBXFileReference; lastKnownFileType = sourcecode.swift; path = AppDelegate.swift; sourceTree = "<group>"; };
		6227FB761AAE285C007F49EA /* Base */ = {isa = PBXFileReference; lastKnownFileType = file.storyboard; name = Base; path = Base.lproj/Main.storyboard; sourceTree = "<group>"; };
		6227FB781AAE285C007F49EA /* Images.xcassets */ = {isa = PBXFileReference; lastKnownFileType = folder.assetcatalog; path = Images.xcassets; sourceTree = "<group>"; };
		6227FB7B1AAE285C007F49EA /* Base */ = {isa = PBXFileReference; lastKnownFileType = file.xib; name = Base; path = Base.lproj/LaunchScreen.xib; sourceTree = "<group>"; };
		6227FB811AAE285C007F49EA /* PlanckTests.xctest */ = {isa = PBXFileReference; explicitFileType = wrapper.cfbundle; includeInIndex = 0; path = PlanckTests.xctest; sourceTree = BUILT_PRODUCTS_DIR; };
		6227FB861AAE285C007F49EA /* Info.plist */ = {isa = PBXFileReference; lastKnownFileType = text.plist.xml; path = Info.plist; sourceTree = "<group>"; };
		6227FB871AAE285C007F49EA /* PlanckTests.swift */ = {isa = PBXFileReference; lastKnownFileType = sourcecode.swift; path = PlanckTests.swift; sourceTree = "<group>"; };
		6227FBF01AAE28E7007F49EA /* GameViewController.swift */ = {isa = PBXFileReference; fileEncoding = 4; lastKnownFileType = sourcecode.swift; path = GameViewController.swift; sourceTree = "<group>"; };
		6227FBF41AAE28E7007F49EA /* XEmitter.swift */ = {isa = PBXFileReference; fileEncoding = 4; lastKnownFileType = sourcecode.swift; path = XEmitter.swift; sourceTree = "<group>"; };
		6227FBF51AAE28E7007F49EA /* XPhoton.swift */ = {isa = PBXFileReference; fileEncoding = 4; lastKnownFileType = sourcecode.swift; path = XPhoton.swift; sourceTree = "<group>"; };
		6227FBF61AAE28E7007F49EA /* XPlanck.swift */ = {isa = PBXFileReference; fileEncoding = 4; lastKnownFileType = sourcecode.swift; path = XPlanck.swift; sourceTree = "<group>"; };
		6227FBF81AAE28E7007F49EA /* XConcaveLens.swift */ = {isa = PBXFileReference; fileEncoding = 4; lastKnownFileType = sourcecode.swift; path = XConcaveLens.swift; sourceTree = "<group>"; };
		6227FBF91AAE28E7007F49EA /* XConcaveMirror.swift */ = {isa = PBXFileReference; fileEncoding = 4; lastKnownFileType = sourcecode.swift; path = XConcaveMirror.swift; sourceTree = "<group>"; };
		6227FBFA1AAE28E7007F49EA /* XConvexLens.swift */ = {isa = PBXFileReference; fileEncoding = 4; lastKnownFileType = sourcecode.swift; path = XConvexLens.swift; sourceTree = "<group>"; };
		6227FBFB1AAE28E7007F49EA /* XConvexMirror.swift */ = {isa = PBXFileReference; fileEncoding = 4; lastKnownFileType = sourcecode.swift; path = XConvexMirror.swift; sourceTree = "<group>"; };
		6227FBFC1AAE28E7007F49EA /* XFlatLens.swift */ = {isa = PBXFileReference; fileEncoding = 4; lastKnownFileType = sourcecode.swift; path = XFlatLens.swift; sourceTree = "<group>"; };
		6227FBFD1AAE28E7007F49EA /* XFlatMirror.swift */ = {isa = PBXFileReference; fileEncoding = 4; lastKnownFileType = sourcecode.swift; path = XFlatMirror.swift; sourceTree = "<group>"; };
		6227FBFE1AAE28E7007F49EA /* XInstrument.swift */ = {isa = PBXFileReference; fileEncoding = 4; lastKnownFileType = sourcecode.swift; path = XInstrument.swift; sourceTree = "<group>"; };
		6227FBFF1AAE28E7007F49EA /* XLens.swift */ = {isa = PBXFileReference; fileEncoding = 4; lastKnownFileType = sourcecode.swift; path = XLens.swift; sourceTree = "<group>"; };
		6227FC001AAE28E7007F49EA /* XMirror.swift */ = {isa = PBXFileReference; fileEncoding = 4; lastKnownFileType = sourcecode.swift; path = XMirror.swift; sourceTree = "<group>"; };
		6227FC011AAE28E7007F49EA /* XWall.swift */ = {isa = PBXFileReference; fileEncoding = 4; lastKnownFileType = sourcecode.swift; path = XWall.swift; sourceTree = "<group>"; };
		6227FC021AAE28E7007F49EA /* XNode.swift */ = {isa = PBXFileReference; fileEncoding = 4; lastKnownFileType = sourcecode.swift; path = XNode.swift; sourceTree = "<group>"; };
		6227FC041AAE28E7007F49EA /* XColor.swift */ = {isa = PBXFileReference; fileEncoding = 4; lastKnownFileType = sourcecode.swift; path = XColor.swift; sourceTree = "<group>"; };
		6227FC051AAE28E7007F49EA /* XConstant.swift */ = {isa = PBXFileReference; fileEncoding = 4; lastKnownFileType = sourcecode.swift; path = XConstant.swift; sourceTree = "<group>"; };
		6227FC061AAE28E7007F49EA /* XMedium.swift */ = {isa = PBXFileReference; fileEncoding = 4; lastKnownFileType = sourcecode.swift; path = XMedium.swift; sourceTree = "<group>"; };
		6227FC081AAE28E7007F49EA /* GameScene.sks */ = {isa = PBXFileReference; lastKnownFileType = file.sks; path = GameScene.sks; sourceTree = "<group>"; };
		6227FC091AAE28E7007F49EA /* GameScene.swift */ = {isa = PBXFileReference; fileEncoding = 4; lastKnownFileType = sourcecode.swift; path = GameScene.swift; sourceTree = "<group>"; };
		6227FC1F1AAE291F007F49EA /* XColorTest.swift */ = {isa = PBXFileReference; fileEncoding = 4; lastKnownFileType = sourcecode.swift; path = XColorTest.swift; sourceTree = "<group>"; };
		62988FD31AB2FA3400FD9AFF /* CGVector+XUtilityTest.swift */ = {isa = PBXFileReference; fileEncoding = 4; lastKnownFileType = sourcecode.swift; path = "CGVector+XUtilityTest.swift"; sourceTree = "<group>"; };
		62CB1FC11AB3068D00DC8EB8 /* XContactableNode.swift */ = {isa = PBXFileReference; fileEncoding = 4; lastKnownFileType = sourcecode.swift; path = XContactableNode.swift; sourceTree = "<group>"; };
/* End PBXFileReference section */

/* Begin PBXFrameworksBuildPhase section */
		6227FB651AAE285C007F49EA /* Frameworks */ = {
			isa = PBXFrameworksBuildPhase;
			buildActionMask = 2147483647;
			files = (
			);
			runOnlyForDeploymentPostprocessing = 0;
		};
		6227FB7E1AAE285C007F49EA /* Frameworks */ = {
			isa = PBXFrameworksBuildPhase;
			buildActionMask = 2147483647;
			files = (
			);
			runOnlyForDeploymentPostprocessing = 0;
		};
/* End PBXFrameworksBuildPhase section */

/* Begin PBXGroup section */
		262BE1A21ABE9A9000ABE965 /* Library */ = {
			isa = PBXGroup;
			children = (
				262BE1A31ABE9A9000ABE965 /* AGSpriteButton */,
			);
			path = Library;
			sourceTree = "<group>";
		};
		262BE1A31ABE9A9000ABE965 /* AGSpriteButton */ = {
			isa = PBXGroup;
			children = (
				262BE1A41ABE9A9000ABE965 /* AGSpriteButton.h */,
				262BE1A51ABE9A9000ABE965 /* AGSpriteButton.m */,
			);
			path = AGSpriteButton;
			sourceTree = "<group>";
		};
		6227FB5F1AAE285C007F49EA = {
			isa = PBXGroup;
			children = (
				6227FB6A1AAE285C007F49EA /* Planck */,
				6227FB841AAE285C007F49EA /* PlanckTests */,
				6227FB691AAE285C007F49EA /* Products */,
			);
			sourceTree = "<group>";
		};
		6227FB691AAE285C007F49EA /* Products */ = {
			isa = PBXGroup;
			children = (
				6227FB681AAE285C007F49EA /* Planck.app */,
				6227FB811AAE285C007F49EA /* PlanckTests.xctest */,
			);
			name = Products;
			sourceTree = "<group>";
		};
		6227FB6A1AAE285C007F49EA /* Planck */ = {
			isa = PBXGroup;
			children = (
				262BE1A21ABE9A9000ABE965 /* Library */,
				6227FBEF1AAE28E7007F49EA /* Controllers */,
				6227FBF11AAE28E7007F49EA /* Models */,
				6227FC071AAE28E7007F49EA /* Views */,
				6227FB6D1AAE285C007F49EA /* AppDelegate.swift */,
				262BE19F1ABE9A5D00ABE965 /* Planck-Bridging-Header.h */,
				6227FB751AAE285C007F49EA /* Main.storyboard */,
				6227FB781AAE285C007F49EA /* Images.xcassets */,
				6227FB7A1AAE285C007F49EA /* LaunchScreen.xib */,
				6227FB6B1AAE285C007F49EA /* Supporting Files */,
			);
			path = Planck;
			sourceTree = "<group>";
		};
		6227FB6B1AAE285C007F49EA /* Supporting Files */ = {
			isa = PBXGroup;
			children = (
				6227FB6C1AAE285C007F49EA /* Info.plist */,
			);
			name = "Supporting Files";
			sourceTree = "<group>";
		};
		6227FB841AAE285C007F49EA /* PlanckTests */ = {
			isa = PBXGroup;
			children = (
				6227FC1E1AAE291F007F49EA /* Model */,
				6227FB871AAE285C007F49EA /* PlanckTests.swift */,
				6227FB851AAE285C007F49EA /* Supporting Files */,
			);
			path = PlanckTests;
			sourceTree = "<group>";
		};
		6227FB851AAE285C007F49EA /* Supporting Files */ = {
			isa = PBXGroup;
			children = (
				6227FB861AAE285C007F49EA /* Info.plist */,
			);
			name = "Supporting Files";
			sourceTree = "<group>";
		};
		6227FBEF1AAE28E7007F49EA /* Controllers */ = {
			isa = PBXGroup;
			children = (
				6227FBF01AAE28E7007F49EA /* GameViewController.swift */,
			);
			path = Controllers;
			sourceTree = "<group>";
		};
		6227FBF11AAE28E7007F49EA /* Models */ = {
			isa = PBXGroup;
			children = (
				6227FBF21AAE28E7007F49EA /* Sprites */,
				6227FC031AAE28E7007F49EA /* Utilities */,
			);
			path = Models;
			sourceTree = "<group>";
		};
		6227FBF21AAE28E7007F49EA /* Sprites */ = {
			isa = PBXGroup;
			children = (
				6227FBF31AAE28E7007F49EA /* Optic Elements */,
				6227FBF71AAE28E7007F49EA /* Optic Instruments */,
				6227FC021AAE28E7007F49EA /* XNode.swift */,
				62CB1FC11AB3068D00DC8EB8 /* XContactableNode.swift */,
			);
			path = Sprites;
			sourceTree = "<group>";
		};
		6227FBF31AAE28E7007F49EA /* Optic Elements */ = {
			isa = PBXGroup;
			children = (
				6227FBF41AAE28E7007F49EA /* XEmitter.swift */,
				6227FBF51AAE28E7007F49EA /* XPhoton.swift */,
				6227FBF61AAE28E7007F49EA /* XPlanck.swift */,
			);
			path = "Optic Elements";
			sourceTree = "<group>";
		};
		6227FBF71AAE28E7007F49EA /* Optic Instruments */ = {
			isa = PBXGroup;
			children = (
				6227FBFF1AAE28E7007F49EA /* XLens.swift */,
				6227FBFC1AAE28E7007F49EA /* XFlatLens.swift */,
				6227FBF81AAE28E7007F49EA /* XConcaveLens.swift */,
				6227FBFA1AAE28E7007F49EA /* XConvexLens.swift */,
				6227FC001AAE28E7007F49EA /* XMirror.swift */,
				6227FBF91AAE28E7007F49EA /* XConcaveMirror.swift */,
				6227FBFB1AAE28E7007F49EA /* XConvexMirror.swift */,
				6227FBFD1AAE28E7007F49EA /* XFlatMirror.swift */,
				6227FBFE1AAE28E7007F49EA /* XInstrument.swift */,
				6227FC011AAE28E7007F49EA /* XWall.swift */,
			);
			path = "Optic Instruments";
			sourceTree = "<group>";
		};
		6227FC031AAE28E7007F49EA /* Utilities */ = {
			isa = PBXGroup;
			children = (
				267EC2D31AB1DA01002FE745 /* CGVector+XUtility.swift */,
				6227FC041AAE28E7007F49EA /* XColor.swift */,
				6227FC051AAE28E7007F49EA /* XConstant.swift */,
				6227FC061AAE28E7007F49EA /* XMedium.swift */,
				620BD4451AB2E69800267C7B /* XNote.swift */,
			);
			path = Utilities;
			sourceTree = "<group>";
		};
		6227FC071AAE28E7007F49EA /* Views */ = {
			isa = PBXGroup;
			children = (
				6227FC081AAE28E7007F49EA /* GameScene.sks */,
				6227FC091AAE28E7007F49EA /* GameScene.swift */,
			);
			path = Views;
			sourceTree = "<group>";
		};
		6227FC1E1AAE291F007F49EA /* Model */ = {
			isa = PBXGroup;
			children = (
				62988FD31AB2FA3400FD9AFF /* CGVector+XUtilityTest.swift */,
				6227FC1F1AAE291F007F49EA /* XColorTest.swift */,
			);
			path = Model;
			sourceTree = "<group>";
		};
/* End PBXGroup section */

/* Begin PBXNativeTarget section */
		6227FB671AAE285C007F49EA /* Planck */ = {
			isa = PBXNativeTarget;
			buildConfigurationList = 6227FB8B1AAE285C007F49EA /* Build configuration list for PBXNativeTarget "Planck" */;
			buildPhases = (
				6227FB641AAE285C007F49EA /* Sources */,
				6227FB651AAE285C007F49EA /* Frameworks */,
				6227FB661AAE285C007F49EA /* Resources */,
			);
			buildRules = (
			);
			dependencies = (
			);
			name = Planck;
			productName = Planck;
			productReference = 6227FB681AAE285C007F49EA /* Planck.app */;
			productType = "com.apple.product-type.application";
		};
		6227FB801AAE285C007F49EA /* PlanckTests */ = {
			isa = PBXNativeTarget;
			buildConfigurationList = 6227FB8E1AAE285C007F49EA /* Build configuration list for PBXNativeTarget "PlanckTests" */;
			buildPhases = (
				6227FB7D1AAE285C007F49EA /* Sources */,
				6227FB7E1AAE285C007F49EA /* Frameworks */,
				6227FB7F1AAE285C007F49EA /* Resources */,
			);
			buildRules = (
			);
			dependencies = (
				6227FB831AAE285C007F49EA /* PBXTargetDependency */,
			);
			name = PlanckTests;
			productName = PlanckTests;
			productReference = 6227FB811AAE285C007F49EA /* PlanckTests.xctest */;
			productType = "com.apple.product-type.bundle.unit-test";
		};
/* End PBXNativeTarget section */

/* Begin PBXProject section */
		6227FB601AAE285C007F49EA /* Project object */ = {
			isa = PBXProject;
			attributes = {
				LastUpgradeCheck = 0610;
				ORGANIZATIONNAME = Echx;
				TargetAttributes = {
					6227FB671AAE285C007F49EA = {
						CreatedOnToolsVersion = 6.1.1;
					};
					6227FB801AAE285C007F49EA = {
						CreatedOnToolsVersion = 6.1.1;
						TestTargetID = 6227FB671AAE285C007F49EA;
					};
				};
			};
			buildConfigurationList = 6227FB631AAE285C007F49EA /* Build configuration list for PBXProject "Planck" */;
			compatibilityVersion = "Xcode 3.2";
			developmentRegion = English;
			hasScannedForEncodings = 0;
			knownRegions = (
				en,
				Base,
			);
			mainGroup = 6227FB5F1AAE285C007F49EA;
			productRefGroup = 6227FB691AAE285C007F49EA /* Products */;
			projectDirPath = "";
			projectRoot = "";
			targets = (
				6227FB671AAE285C007F49EA /* Planck */,
				6227FB801AAE285C007F49EA /* PlanckTests */,
			);
		};
/* End PBXProject section */

/* Begin PBXResourcesBuildPhase section */
		6227FB661AAE285C007F49EA /* Resources */ = {
			isa = PBXResourcesBuildPhase;
			buildActionMask = 2147483647;
			files = (
				6227FC1C1AAE28E7007F49EA /* GameScene.sks in Resources */,
				6227FB7C1AAE285C007F49EA /* LaunchScreen.xib in Resources */,
				6227FB791AAE285C007F49EA /* Images.xcassets in Resources */,
				6227FB771AAE285C007F49EA /* Main.storyboard in Resources */,
			);
			runOnlyForDeploymentPostprocessing = 0;
		};
		6227FB7F1AAE285C007F49EA /* Resources */ = {
			isa = PBXResourcesBuildPhase;
			buildActionMask = 2147483647;
			files = (
			);
			runOnlyForDeploymentPostprocessing = 0;
		};
/* End PBXResourcesBuildPhase section */

/* Begin PBXSourcesBuildPhase section */
		6227FB641AAE285C007F49EA /* Sources */ = {
			isa = PBXSourcesBuildPhase;
			buildActionMask = 2147483647;
			files = (
				6227FC1A1AAE28E7007F49EA /* XConstant.swift in Sources */,
				6227FC151AAE28E7007F49EA /* XLens.swift in Sources */,
				267EC2D41AB1DA01002FE745 /* CGVector+XUtility.swift in Sources */,
				6227FC111AAE28E7007F49EA /* XConvexMirror.swift in Sources */,
				6227FC131AAE28E7007F49EA /* XFlatMirror.swift in Sources */,
				6227FC121AAE28E7007F49EA /* XFlatLens.swift in Sources */,
				6227FC181AAE28E7007F49EA /* XNode.swift in Sources */,
				6227FC1B1AAE28E7007F49EA /* XMedium.swift in Sources */,
				6227FC0F1AAE28E7007F49EA /* XConcaveMirror.swift in Sources */,
				6227FC101AAE28E7007F49EA /* XConvexLens.swift in Sources */,
				6227FC141AAE28E7007F49EA /* XInstrument.swift in Sources */,
				6227FC1D1AAE28E7007F49EA /* GameScene.swift in Sources */,
				6227FC0E1AAE28E7007F49EA /* XConcaveLens.swift in Sources */,
				6227FC0C1AAE28E7007F49EA /* XPhoton.swift in Sources */,
				6227FC0B1AAE28E7007F49EA /* XEmitter.swift in Sources */,
				6227FC0A1AAE28E7007F49EA /* GameViewController.swift in Sources */,
				62CB1FC21AB3068D00DC8EB8 /* XContactableNode.swift in Sources */,
				6227FC0D1AAE28E7007F49EA /* XPlanck.swift in Sources */,
				6227FB6E1AAE285C007F49EA /* AppDelegate.swift in Sources */,
				6227FC161AAE28E7007F49EA /* XMirror.swift in Sources */,
				6227FC191AAE28E7007F49EA /* XColor.swift in Sources */,
				620BD4461AB2E69800267C7B /* XNote.swift in Sources */,
				262BE1A61ABE9A9000ABE965 /* AGSpriteButton.m in Sources */,
				6227FC171AAE28E7007F49EA /* XWall.swift in Sources */,
			);
			runOnlyForDeploymentPostprocessing = 0;
		};
		6227FB7D1AAE285C007F49EA /* Sources */ = {
			isa = PBXSourcesBuildPhase;
			buildActionMask = 2147483647;
			files = (
				6227FC201AAE291F007F49EA /* XColorTest.swift in Sources */,
				62988FED1AB2FA8800FD9AFF /* XConvexLens.swift in Sources */,
				62988FD41AB2FA3400FD9AFF /* CGVector+XUtilityTest.swift in Sources */,
				6227FB881AAE285C007F49EA /* PlanckTests.swift in Sources */,
				62988FEE1AB2FA8800FD9AFF /* XMirror.swift in Sources */,
				62988FF21AB2FA8800FD9AFF /* XInstrument.swift in Sources */,
				62988FF51AB2FA8800FD9AFF /* CGVector+XUtility.swift in Sources */,
				2635804A1ABE9F4000F87563 /* AGSpriteButton.m in Sources */,
				62988FEF1AB2FA8800FD9AFF /* XConcaveMirror.swift in Sources */,
				62988FF71AB2FA8800FD9AFF /* XConstant.swift in Sources */,
				62988FF11AB2FA8800FD9AFF /* XFlatMirror.swift in Sources */,
				62988FF61AB2FA8800FD9AFF /* XColor.swift in Sources */,
				62988FF01AB2FA8800FD9AFF /* XConvexMirror.swift in Sources */,
				62988FEC1AB2FA8800FD9AFF /* XConcaveLens.swift in Sources */,
				62988FF41AB2FA8800FD9AFF /* XNode.swift in Sources */,
				62988FEB1AB2FA8800FD9AFF /* XFlatLens.swift in Sources */,
				62988FEA1AB2FA8800FD9AFF /* XLens.swift in Sources */,
				62BC35541AB3096400B0B6F7 /* XContactableNode.swift in Sources */,
				62988FE91AB2FA8800FD9AFF /* XPlanck.swift in Sources */,
				62BC35551AB3096900B0B6F7 /* GameScene.swift in Sources */,
				62988FE71AB2FA8800FD9AFF /* XEmitter.swift in Sources */,
				62988FF31AB2FA8800FD9AFF /* XWall.swift in Sources */,
				62988FF81AB2FA8800FD9AFF /* XMedium.swift in Sources */,
				62988FF91AB2FA8800FD9AFF /* XNote.swift in Sources */,
				62988FE81AB2FA8800FD9AFF /* XPhoton.swift in Sources */,
			);
			runOnlyForDeploymentPostprocessing = 0;
		};
/* End PBXSourcesBuildPhase section */

/* Begin PBXTargetDependency section */
		6227FB831AAE285C007F49EA /* PBXTargetDependency */ = {
			isa = PBXTargetDependency;
			target = 6227FB671AAE285C007F49EA /* Planck */;
			targetProxy = 6227FB821AAE285C007F49EA /* PBXContainerItemProxy */;
		};
/* End PBXTargetDependency section */

/* Begin PBXVariantGroup section */
		6227FB751AAE285C007F49EA /* Main.storyboard */ = {
			isa = PBXVariantGroup;
			children = (
				6227FB761AAE285C007F49EA /* Base */,
			);
			name = Main.storyboard;
			sourceTree = "<group>";
		};
		6227FB7A1AAE285C007F49EA /* LaunchScreen.xib */ = {
			isa = PBXVariantGroup;
			children = (
				6227FB7B1AAE285C007F49EA /* Base */,
			);
			name = LaunchScreen.xib;
			sourceTree = "<group>";
		};
/* End PBXVariantGroup section */

/* Begin XCBuildConfiguration section */
		6227FB891AAE285C007F49EA /* Debug */ = {
			isa = XCBuildConfiguration;
			buildSettings = {
				ALWAYS_SEARCH_USER_PATHS = NO;
				CLANG_CXX_LANGUAGE_STANDARD = "gnu++0x";
				CLANG_CXX_LIBRARY = "libc++";
				CLANG_ENABLE_MODULES = YES;
				CLANG_ENABLE_OBJC_ARC = YES;
				CLANG_WARN_BOOL_CONVERSION = YES;
				CLANG_WARN_CONSTANT_CONVERSION = YES;
				CLANG_WARN_DIRECT_OBJC_ISA_USAGE = YES_ERROR;
				CLANG_WARN_EMPTY_BODY = YES;
				CLANG_WARN_ENUM_CONVERSION = YES;
				CLANG_WARN_INT_CONVERSION = YES;
				CLANG_WARN_OBJC_ROOT_CLASS = YES_ERROR;
				CLANG_WARN_UNREACHABLE_CODE = YES;
				CLANG_WARN__DUPLICATE_METHOD_MATCH = YES;
				"CODE_SIGN_IDENTITY[sdk=iphoneos*]" = "iPhone Developer";
				COPY_PHASE_STRIP = NO;
				ENABLE_STRICT_OBJC_MSGSEND = YES;
				GCC_C_LANGUAGE_STANDARD = gnu99;
				GCC_DYNAMIC_NO_PIC = NO;
				GCC_OPTIMIZATION_LEVEL = 0;
				GCC_PREPROCESSOR_DEFINITIONS = (
					"DEBUG=1",
					"$(inherited)",
				);
				GCC_SYMBOLS_PRIVATE_EXTERN = NO;
				GCC_WARN_64_TO_32_BIT_CONVERSION = YES;
				GCC_WARN_ABOUT_RETURN_TYPE = YES_ERROR;
				GCC_WARN_UNDECLARED_SELECTOR = YES;
				GCC_WARN_UNINITIALIZED_AUTOS = YES_AGGRESSIVE;
				GCC_WARN_UNUSED_FUNCTION = YES;
				GCC_WARN_UNUSED_VARIABLE = YES;
				IPHONEOS_DEPLOYMENT_TARGET = 8.1;
				MTL_ENABLE_DEBUG_INFO = YES;
				ONLY_ACTIVE_ARCH = YES;
				SDKROOT = iphoneos;
				SWIFT_OBJC_BRIDGING_HEADER = "Planck-Bridging-Header.h";
				SWIFT_OPTIMIZATION_LEVEL = "-Onone";
				TARGETED_DEVICE_FAMILY = 2;
			};
			name = Debug;
		};
		6227FB8A1AAE285C007F49EA /* Release */ = {
			isa = XCBuildConfiguration;
			buildSettings = {
				ALWAYS_SEARCH_USER_PATHS = NO;
				CLANG_CXX_LANGUAGE_STANDARD = "gnu++0x";
				CLANG_CXX_LIBRARY = "libc++";
				CLANG_ENABLE_MODULES = YES;
				CLANG_ENABLE_OBJC_ARC = YES;
				CLANG_WARN_BOOL_CONVERSION = YES;
				CLANG_WARN_CONSTANT_CONVERSION = YES;
				CLANG_WARN_DIRECT_OBJC_ISA_USAGE = YES_ERROR;
				CLANG_WARN_EMPTY_BODY = YES;
				CLANG_WARN_ENUM_CONVERSION = YES;
				CLANG_WARN_INT_CONVERSION = YES;
				CLANG_WARN_OBJC_ROOT_CLASS = YES_ERROR;
				CLANG_WARN_UNREACHABLE_CODE = YES;
				CLANG_WARN__DUPLICATE_METHOD_MATCH = YES;
				"CODE_SIGN_IDENTITY[sdk=iphoneos*]" = "iPhone Developer";
				COPY_PHASE_STRIP = YES;
				ENABLE_NS_ASSERTIONS = NO;
				ENABLE_STRICT_OBJC_MSGSEND = YES;
				GCC_C_LANGUAGE_STANDARD = gnu99;
				GCC_WARN_64_TO_32_BIT_CONVERSION = YES;
				GCC_WARN_ABOUT_RETURN_TYPE = YES_ERROR;
				GCC_WARN_UNDECLARED_SELECTOR = YES;
				GCC_WARN_UNINITIALIZED_AUTOS = YES_AGGRESSIVE;
				GCC_WARN_UNUSED_FUNCTION = YES;
				GCC_WARN_UNUSED_VARIABLE = YES;
				IPHONEOS_DEPLOYMENT_TARGET = 8.1;
				MTL_ENABLE_DEBUG_INFO = NO;
				SDKROOT = iphoneos;
				SWIFT_OBJC_BRIDGING_HEADER = "Planck-Bridging-Header.h";
				TARGETED_DEVICE_FAMILY = 2;
				VALIDATE_PRODUCT = YES;
			};
			name = Release;
		};
		6227FB8C1AAE285C007F49EA /* Debug */ = {
			isa = XCBuildConfiguration;
			buildSettings = {
				ASSETCATALOG_COMPILER_APPICON_NAME = AppIcon;
				CLANG_ENABLE_MODULES = YES;
				INFOPLIST_FILE = Planck/Info.plist;
				IPHONEOS_DEPLOYMENT_TARGET = 8.1;
				LD_RUNPATH_SEARCH_PATHS = "$(inherited) @executable_path/Frameworks";
				PRODUCT_NAME = "$(TARGET_NAME)";
				SWIFT_OBJC_BRIDGING_HEADER = "Planck-Bridging-Header.h";
				SWIFT_OPTIMIZATION_LEVEL = "-Onone";
			};
			name = Debug;
		};
		6227FB8D1AAE285C007F49EA /* Release */ = {
			isa = XCBuildConfiguration;
			buildSettings = {
				ASSETCATALOG_COMPILER_APPICON_NAME = AppIcon;
				CLANG_ENABLE_MODULES = YES;
				INFOPLIST_FILE = Planck/Info.plist;
				IPHONEOS_DEPLOYMENT_TARGET = 8.1;
				LD_RUNPATH_SEARCH_PATHS = "$(inherited) @executable_path/Frameworks";
				PRODUCT_NAME = "$(TARGET_NAME)";
				SWIFT_OBJC_BRIDGING_HEADER = "Planck-Bridging-Header.h";
			};
			name = Release;
		};
		6227FB8F1AAE285C007F49EA /* Debug */ = {
			isa = XCBuildConfiguration;
			buildSettings = {
				BUNDLE_LOADER = "$(TEST_HOST)";
				FRAMEWORK_SEARCH_PATHS = (
					"$(SDKROOT)/Developer/Library/Frameworks",
					"$(inherited)",
				);
				GCC_PREPROCESSOR_DEFINITIONS = (
					"DEBUG=1",
					"$(inherited)",
				);
				INFOPLIST_FILE = PlanckTests/Info.plist;
				LD_RUNPATH_SEARCH_PATHS = "$(inherited) @executable_path/Frameworks @loader_path/Frameworks";
				PRODUCT_NAME = "$(TARGET_NAME)";
				TEST_HOST = "$(BUILT_PRODUCTS_DIR)/Planck.app/Planck";
			};
			name = Debug;
		};
		6227FB901AAE285C007F49EA /* Release */ = {
			isa = XCBuildConfiguration;
			buildSettings = {
				BUNDLE_LOADER = "$(TEST_HOST)";
				FRAMEWORK_SEARCH_PATHS = (
					"$(SDKROOT)/Developer/Library/Frameworks",
					"$(inherited)",
				);
				INFOPLIST_FILE = PlanckTests/Info.plist;
				LD_RUNPATH_SEARCH_PATHS = "$(inherited) @executable_path/Frameworks @loader_path/Frameworks";
				PRODUCT_NAME = "$(TARGET_NAME)";
				TEST_HOST = "$(BUILT_PRODUCTS_DIR)/Planck.app/Planck";
			};
			name = Release;
		};
/* End XCBuildConfiguration section */

/* Begin XCConfigurationList section */
		6227FB631AAE285C007F49EA /* Build configuration list for PBXProject "Planck" */ = {
			isa = XCConfigurationList;
			buildConfigurations = (
				6227FB891AAE285C007F49EA /* Debug */,
				6227FB8A1AAE285C007F49EA /* Release */,
			);
			defaultConfigurationIsVisible = 0;
			defaultConfigurationName = Release;
		};
		6227FB8B1AAE285C007F49EA /* Build configuration list for PBXNativeTarget "Planck" */ = {
			isa = XCConfigurationList;
			buildConfigurations = (
				6227FB8C1AAE285C007F49EA /* Debug */,
				6227FB8D1AAE285C007F49EA /* Release */,
			);
			defaultConfigurationIsVisible = 0;
			defaultConfigurationName = Release;
		};
		6227FB8E1AAE285C007F49EA /* Build configuration list for PBXNativeTarget "PlanckTests" */ = {
			isa = XCConfigurationList;
			buildConfigurations = (
				6227FB8F1AAE285C007F49EA /* Debug */,
				6227FB901AAE285C007F49EA /* Release */,
			);
			defaultConfigurationIsVisible = 0;
			defaultConfigurationName = Release;
		};
/* End XCConfigurationList section */
	};
	rootObject = 6227FB601AAE285C007F49EA /* Project object */;
}
